// !$*UTF8*$!
{
	archiveVersion = 1;
	classes = {
	};
	objectVersion = 55;
	objects = {

/* Begin PBXBuildFile section */
		1D01A0A07BF4A29638166F4E /* Pods_MoviesInnTests.framework in Frameworks */ = {isa = PBXBuildFile; fileRef = F72F164969BA8B79F2EAEFDF /* Pods_MoviesInnTests.framework */; };
		32E242512AABC45500EB4AAF /* MovieListDataProvider.swift in Sources */ = {isa = PBXBuildFile; fileRef = 32E242502AABC45500EB4AAF /* MovieListDataProvider.swift */; };
		32E242532AABC4F600EB4AAF /* BaseDataProvider.swift in Sources */ = {isa = PBXBuildFile; fileRef = 32E242522AABC4F600EB4AAF /* BaseDataProvider.swift */; };
		32E242552AAC490700EB4AAF /* MoviesListViewModel.swift in Sources */ = {isa = PBXBuildFile; fileRef = 32E242542AAC490700EB4AAF /* MoviesListViewModel.swift */; };
		32E242572AAC4A1500EB4AAF /* BaseDataProviderProtocol.swift in Sources */ = {isa = PBXBuildFile; fileRef = 32E242562AAC4A1500EB4AAF /* BaseDataProviderProtocol.swift */; };
		32E242592AAC4AFF00EB4AAF /* MovieListViewModelProtocol.swift in Sources */ = {isa = PBXBuildFile; fileRef = 32E242582AAC4AFF00EB4AAF /* MovieListViewModelProtocol.swift */; };
		32E2425B2AAC672E00EB4AAF /* SpecificMovieViewController.swift in Sources */ = {isa = PBXBuildFile; fileRef = 32E2425A2AAC672E00EB4AAF /* SpecificMovieViewController.swift */; };
		32E2425D2AAC6F7A00EB4AAF /* SpecificMovieDataProvider.swift in Sources */ = {isa = PBXBuildFile; fileRef = 32E2425C2AAC6F7A00EB4AAF /* SpecificMovieDataProvider.swift */; };
		32E2425F2AAC712A00EB4AAF /* SpecificMovieViewModel.swift in Sources */ = {isa = PBXBuildFile; fileRef = 32E2425E2AAC712A00EB4AAF /* SpecificMovieViewModel.swift */; };
		32E242612AAC717100EB4AAF /* SpecificMovieViewModelProtocol.swift in Sources */ = {isa = PBXBuildFile; fileRef = 32E242602AAC717100EB4AAF /* SpecificMovieViewModelProtocol.swift */; };
		32E242632AACA15700EB4AAF /* MovieInnTestCases.swift in Sources */ = {isa = PBXBuildFile; fileRef = 32E242622AACA15600EB4AAF /* MovieInnTestCases.swift */; };
		68290FA40AA658B90C856517 /* Pods_MoviesInn.framework in Frameworks */ = {isa = PBXBuildFile; fileRef = 6488D5A662124977DEB4A56E /* Pods_MoviesInn.framework */; };
		841E7F0E2AA991D800AA01F2 /* AppDelegate.swift in Sources */ = {isa = PBXBuildFile; fileRef = 841E7F0D2AA991D800AA01F2 /* AppDelegate.swift */; };
		841E7F102AA991D800AA01F2 /* SceneDelegate.swift in Sources */ = {isa = PBXBuildFile; fileRef = 841E7F0F2AA991D800AA01F2 /* SceneDelegate.swift */; };
		841E7F122AA991D800AA01F2 /* MoviesListViewController.swift in Sources */ = {isa = PBXBuildFile; fileRef = 841E7F112AA991D800AA01F2 /* MoviesListViewController.swift */; };
		841E7F152AA991D800AA01F2 /* Main.storyboard in Resources */ = {isa = PBXBuildFile; fileRef = 841E7F132AA991D800AA01F2 /* Main.storyboard */; };
		841E7F182AA991D800AA01F2 /* MoviesInn.xcdatamodeld in Sources */ = {isa = PBXBuildFile; fileRef = 841E7F162AA991D800AA01F2 /* MoviesInn.xcdatamodeld */; };
		841E7F1A2AA991D900AA01F2 /* Assets.xcassets in Resources */ = {isa = PBXBuildFile; fileRef = 841E7F192AA991D900AA01F2 /* Assets.xcassets */; };
		841E7F1D2AA991D900AA01F2 /* LaunchScreen.storyboard in Resources */ = {isa = PBXBuildFile; fileRef = 841E7F1B2AA991D900AA01F2 /* LaunchScreen.storyboard */; };
		841E7F282AA991DA00AA01F2 /* MoviesInnTests.swift in Sources */ = {isa = PBXBuildFile; fileRef = 841E7F272AA991DA00AA01F2 /* MoviesInnTests.swift */; };
		841E7F322AA991DA00AA01F2 /* MoviesInnUITests.swift in Sources */ = {isa = PBXBuildFile; fileRef = 841E7F312AA991DA00AA01F2 /* MoviesInnUITests.swift */; };
		841E7F342AA991DA00AA01F2 /* MoviesInnUITestsLaunchTests.swift in Sources */ = {isa = PBXBuildFile; fileRef = 841E7F332AA991DA00AA01F2 /* MoviesInnUITestsLaunchTests.swift */; };
		841E7F422AA99F1000AA01F2 /* AllMovies.swift in Sources */ = {isa = PBXBuildFile; fileRef = 841E7F412AA99F1000AA01F2 /* AllMovies.swift */; };
		841E7F442AA99F7300AA01F2 /* SpecificMovie.swift in Sources */ = {isa = PBXBuildFile; fileRef = 841E7F432AA99F7300AA01F2 /* SpecificMovie.swift */; };
		841E7F472AA9A9C700AA01F2 /* Constants.swift in Sources */ = {isa = PBXBuildFile; fileRef = 841E7F462AA9A9C700AA01F2 /* Constants.swift */; };
		84FC42DE2AAADE5400F417F8 /* WebService.swift in Sources */ = {isa = PBXBuildFile; fileRef = 84FC42DD2AAADE5400F417F8 /* WebService.swift */; };
		84FC42E12AAADECE00F417F8 /* WebService Delegate.swift in Sources */ = {isa = PBXBuildFile; fileRef = 84FC42E02AAADECE00F417F8 /* WebService Delegate.swift */; };
		84FC42E32AAAE2A600F417F8 /* AppManager.swift in Sources */ = {isa = PBXBuildFile; fileRef = 84FC42E22AAAE2A600F417F8 /* AppManager.swift */; };
		84FC42E52AAAE36E00F417F8 /* InternetConnectivity.swift in Sources */ = {isa = PBXBuildFile; fileRef = 84FC42E42AAAE36E00F417F8 /* InternetConnectivity.swift */; };
		84FC42E72AAAFE3000F417F8 /* Configuration.swift in Sources */ = {isa = PBXBuildFile; fileRef = 84FC42E62AAAFE3000F417F8 /* Configuration.swift */; };
		84FC42EB2AAB00D900F417F8 /* Colour.xcassets in Resources */ = {isa = PBXBuildFile; fileRef = 84FC42EA2AAB00D900F417F8 /* Colour.xcassets */; };
		84FC42ED2AAB2DE400F417F8 /* Error.swift in Sources */ = {isa = PBXBuildFile; fileRef = 84FC42EC2AAB2DE400F417F8 /* Error.swift */; };
		84FC42F22AAB35B900F417F8 /* MovieListCell.swift in Sources */ = {isa = PBXBuildFile; fileRef = 84FC42F02AAB35B900F417F8 /* MovieListCell.swift */; };
		84FC42F32AAB35B900F417F8 /* MovieListCell.xib in Resources */ = {isa = PBXBuildFile; fileRef = 84FC42F12AAB35B900F417F8 /* MovieListCell.xib */; };
		84FC42F52AAB588E00F417F8 /* BaseViewController.swift in Sources */ = {isa = PBXBuildFile; fileRef = 84FC42F42AAB588E00F417F8 /* BaseViewController.swift */; };
		84FC42F72AAB58CC00F417F8 /* BaseViewModel.swift in Sources */ = {isa = PBXBuildFile; fileRef = 84FC42F62AAB58CC00F417F8 /* BaseViewModel.swift */; };
		84FC42F92AAB58F800F417F8 /* BaseViewModelProtocol.swift in Sources */ = {isa = PBXBuildFile; fileRef = 84FC42F82AAB58F800F417F8 /* BaseViewModelProtocol.swift */; };
		84FC42FC2AAB59B400F417F8 /* UIExtensions.swift in Sources */ = {isa = PBXBuildFile; fileRef = 84FC42FB2AAB59B400F417F8 /* UIExtensions.swift */; };
		84FC42FE2AAB5A2C00F417F8 /* Theme.swift in Sources */ = {isa = PBXBuildFile; fileRef = 84FC42FD2AAB5A2C00F417F8 /* Theme.swift */; };
		84FC43002AAB5A8900F417F8 /* Color.swift in Sources */ = {isa = PBXBuildFile; fileRef = 84FC42FF2AAB5A8900F417F8 /* Color.swift */; };
		9463A0C32BE89D9DD003C0AD /* Pods_MoviesInn_MoviesInnUITests.framework in Frameworks */ = {isa = PBXBuildFile; fileRef = 79AA9849A13DFD8213BEBEBB /* Pods_MoviesInn_MoviesInnUITests.framework */; };
/* End PBXBuildFile section */

/* Begin PBXContainerItemProxy section */
		841E7F242AA991DA00AA01F2 /* PBXContainerItemProxy */ = {
			isa = PBXContainerItemProxy;
			containerPortal = 841E7F022AA991D800AA01F2 /* Project object */;
			proxyType = 1;
			remoteGlobalIDString = 841E7F092AA991D800AA01F2;
			remoteInfo = MoviesInn;
		};
		841E7F2E2AA991DA00AA01F2 /* PBXContainerItemProxy */ = {
			isa = PBXContainerItemProxy;
			containerPortal = 841E7F022AA991D800AA01F2 /* Project object */;
			proxyType = 1;
			remoteGlobalIDString = 841E7F092AA991D800AA01F2;
			remoteInfo = MoviesInn;
		};
/* End PBXContainerItemProxy section */

/* Begin PBXFileReference section */
		0368A609472EFFF6F811F8C5 /* Pods-MoviesInn.release.xcconfig */ = {isa = PBXFileReference; includeInIndex = 1; lastKnownFileType = text.xcconfig; name = "Pods-MoviesInn.release.xcconfig"; path = "Target Support Files/Pods-MoviesInn/Pods-MoviesInn.release.xcconfig"; sourceTree = "<group>"; };
		2BB3ACF4FB5694497C98B115 /* Pods-MoviesInnTests.release.xcconfig */ = {isa = PBXFileReference; includeInIndex = 1; lastKnownFileType = text.xcconfig; name = "Pods-MoviesInnTests.release.xcconfig"; path = "Target Support Files/Pods-MoviesInnTests/Pods-MoviesInnTests.release.xcconfig"; sourceTree = "<group>"; };
		32E242502AABC45500EB4AAF /* MovieListDataProvider.swift */ = {isa = PBXFileReference; lastKnownFileType = sourcecode.swift; path = MovieListDataProvider.swift; sourceTree = "<group>"; };
		32E242522AABC4F600EB4AAF /* BaseDataProvider.swift */ = {isa = PBXFileReference; lastKnownFileType = sourcecode.swift; path = BaseDataProvider.swift; sourceTree = "<group>"; };
		32E242542AAC490700EB4AAF /* MoviesListViewModel.swift */ = {isa = PBXFileReference; lastKnownFileType = sourcecode.swift; path = MoviesListViewModel.swift; sourceTree = "<group>"; };
		32E242562AAC4A1500EB4AAF /* BaseDataProviderProtocol.swift */ = {isa = PBXFileReference; lastKnownFileType = sourcecode.swift; path = BaseDataProviderProtocol.swift; sourceTree = "<group>"; };
		32E242582AAC4AFF00EB4AAF /* MovieListViewModelProtocol.swift */ = {isa = PBXFileReference; lastKnownFileType = sourcecode.swift; path = MovieListViewModelProtocol.swift; sourceTree = "<group>"; };
		32E2425A2AAC672E00EB4AAF /* SpecificMovieViewController.swift */ = {isa = PBXFileReference; lastKnownFileType = sourcecode.swift; path = SpecificMovieViewController.swift; sourceTree = "<group>"; };
		32E2425C2AAC6F7A00EB4AAF /* SpecificMovieDataProvider.swift */ = {isa = PBXFileReference; lastKnownFileType = sourcecode.swift; path = SpecificMovieDataProvider.swift; sourceTree = "<group>"; };
		32E2425E2AAC712A00EB4AAF /* SpecificMovieViewModel.swift */ = {isa = PBXFileReference; lastKnownFileType = sourcecode.swift; path = SpecificMovieViewModel.swift; sourceTree = "<group>"; };
		32E242602AAC717100EB4AAF /* SpecificMovieViewModelProtocol.swift */ = {isa = PBXFileReference; lastKnownFileType = sourcecode.swift; path = SpecificMovieViewModelProtocol.swift; sourceTree = "<group>"; };
		32E242622AACA15600EB4AAF /* MovieInnTestCases.swift */ = {isa = PBXFileReference; lastKnownFileType = sourcecode.swift; path = MovieInnTestCases.swift; sourceTree = "<group>"; };
		6488D5A662124977DEB4A56E /* Pods_MoviesInn.framework */ = {isa = PBXFileReference; explicitFileType = wrapper.framework; includeInIndex = 0; path = Pods_MoviesInn.framework; sourceTree = BUILT_PRODUCTS_DIR; };
		79AA9849A13DFD8213BEBEBB /* Pods_MoviesInn_MoviesInnUITests.framework */ = {isa = PBXFileReference; explicitFileType = wrapper.framework; includeInIndex = 0; path = Pods_MoviesInn_MoviesInnUITests.framework; sourceTree = BUILT_PRODUCTS_DIR; };
		80EAE7F0358480F4D11AD624 /* Pods-MoviesInn-MoviesInnUITests.release.xcconfig */ = {isa = PBXFileReference; includeInIndex = 1; lastKnownFileType = text.xcconfig; name = "Pods-MoviesInn-MoviesInnUITests.release.xcconfig"; path = "Target Support Files/Pods-MoviesInn-MoviesInnUITests/Pods-MoviesInn-MoviesInnUITests.release.xcconfig"; sourceTree = "<group>"; };
		841E7F0A2AA991D800AA01F2 /* MoviesInn.app */ = {isa = PBXFileReference; explicitFileType = wrapper.application; includeInIndex = 0; path = MoviesInn.app; sourceTree = BUILT_PRODUCTS_DIR; };
		841E7F0D2AA991D800AA01F2 /* AppDelegate.swift */ = {isa = PBXFileReference; lastKnownFileType = sourcecode.swift; path = AppDelegate.swift; sourceTree = "<group>"; };
		841E7F0F2AA991D800AA01F2 /* SceneDelegate.swift */ = {isa = PBXFileReference; lastKnownFileType = sourcecode.swift; path = SceneDelegate.swift; sourceTree = "<group>"; };
		841E7F112AA991D800AA01F2 /* MoviesListViewController.swift */ = {isa = PBXFileReference; lastKnownFileType = sourcecode.swift; path = MoviesListViewController.swift; sourceTree = "<group>"; };
		841E7F142AA991D800AA01F2 /* Base */ = {isa = PBXFileReference; lastKnownFileType = file.storyboard; name = Base; path = Base.lproj/Main.storyboard; sourceTree = "<group>"; };
		841E7F172AA991D800AA01F2 /* MoviesInn.xcdatamodel */ = {isa = PBXFileReference; lastKnownFileType = wrapper.xcdatamodel; path = MoviesInn.xcdatamodel; sourceTree = "<group>"; };
		841E7F192AA991D900AA01F2 /* Assets.xcassets */ = {isa = PBXFileReference; lastKnownFileType = folder.assetcatalog; path = Assets.xcassets; sourceTree = "<group>"; };
		841E7F1C2AA991D900AA01F2 /* Base */ = {isa = PBXFileReference; lastKnownFileType = file.storyboard; name = Base; path = Base.lproj/LaunchScreen.storyboard; sourceTree = "<group>"; };
		841E7F1E2AA991D900AA01F2 /* Info.plist */ = {isa = PBXFileReference; lastKnownFileType = text.plist.xml; path = Info.plist; sourceTree = "<group>"; };
		841E7F232AA991DA00AA01F2 /* MoviesInnTests.xctest */ = {isa = PBXFileReference; explicitFileType = wrapper.cfbundle; includeInIndex = 0; path = MoviesInnTests.xctest; sourceTree = BUILT_PRODUCTS_DIR; };
		841E7F272AA991DA00AA01F2 /* MoviesInnTests.swift */ = {isa = PBXFileReference; lastKnownFileType = sourcecode.swift; path = MoviesInnTests.swift; sourceTree = "<group>"; };
		841E7F2D2AA991DA00AA01F2 /* MoviesInnUITests.xctest */ = {isa = PBXFileReference; explicitFileType = wrapper.cfbundle; includeInIndex = 0; path = MoviesInnUITests.xctest; sourceTree = BUILT_PRODUCTS_DIR; };
		841E7F312AA991DA00AA01F2 /* MoviesInnUITests.swift */ = {isa = PBXFileReference; lastKnownFileType = sourcecode.swift; path = MoviesInnUITests.swift; sourceTree = "<group>"; };
		841E7F332AA991DA00AA01F2 /* MoviesInnUITestsLaunchTests.swift */ = {isa = PBXFileReference; lastKnownFileType = sourcecode.swift; path = MoviesInnUITestsLaunchTests.swift; sourceTree = "<group>"; };
		841E7F412AA99F1000AA01F2 /* AllMovies.swift */ = {isa = PBXFileReference; lastKnownFileType = sourcecode.swift; path = AllMovies.swift; sourceTree = "<group>"; };
		841E7F432AA99F7300AA01F2 /* SpecificMovie.swift */ = {isa = PBXFileReference; lastKnownFileType = sourcecode.swift; path = SpecificMovie.swift; sourceTree = "<group>"; };
		841E7F462AA9A9C700AA01F2 /* Constants.swift */ = {isa = PBXFileReference; lastKnownFileType = sourcecode.swift; path = Constants.swift; sourceTree = "<group>"; };
		84FC42DD2AAADE5400F417F8 /* WebService.swift */ = {isa = PBXFileReference; lastKnownFileType = sourcecode.swift; path = WebService.swift; sourceTree = "<group>"; };
		84FC42E02AAADECE00F417F8 /* WebService Delegate.swift */ = {isa = PBXFileReference; lastKnownFileType = sourcecode.swift; path = "WebService Delegate.swift"; sourceTree = "<group>"; };
		84FC42E22AAAE2A600F417F8 /* AppManager.swift */ = {isa = PBXFileReference; lastKnownFileType = sourcecode.swift; path = AppManager.swift; sourceTree = "<group>"; };
		84FC42E42AAAE36E00F417F8 /* InternetConnectivity.swift */ = {isa = PBXFileReference; lastKnownFileType = sourcecode.swift; path = InternetConnectivity.swift; sourceTree = "<group>"; };
		84FC42E62AAAFE3000F417F8 /* Configuration.swift */ = {isa = PBXFileReference; lastKnownFileType = sourcecode.swift; path = Configuration.swift; sourceTree = "<group>"; };
		84FC42EA2AAB00D900F417F8 /* Colour.xcassets */ = {isa = PBXFileReference; lastKnownFileType = folder.assetcatalog; path = Colour.xcassets; sourceTree = "<group>"; };
		84FC42EC2AAB2DE400F417F8 /* Error.swift */ = {isa = PBXFileReference; lastKnownFileType = sourcecode.swift; path = Error.swift; sourceTree = "<group>"; };
		84FC42F02AAB35B900F417F8 /* MovieListCell.swift */ = {isa = PBXFileReference; lastKnownFileType = sourcecode.swift; path = MovieListCell.swift; sourceTree = "<group>"; };
		84FC42F12AAB35B900F417F8 /* MovieListCell.xib */ = {isa = PBXFileReference; lastKnownFileType = file.xib; path = MovieListCell.xib; sourceTree = "<group>"; };
		84FC42F42AAB588E00F417F8 /* BaseViewController.swift */ = {isa = PBXFileReference; lastKnownFileType = sourcecode.swift; path = BaseViewController.swift; sourceTree = "<group>"; };
		84FC42F62AAB58CC00F417F8 /* BaseViewModel.swift */ = {isa = PBXFileReference; lastKnownFileType = sourcecode.swift; path = BaseViewModel.swift; sourceTree = "<group>"; };
		84FC42F82AAB58F800F417F8 /* BaseViewModelProtocol.swift */ = {isa = PBXFileReference; lastKnownFileType = sourcecode.swift; path = BaseViewModelProtocol.swift; sourceTree = "<group>"; };
		84FC42FB2AAB59B400F417F8 /* UIExtensions.swift */ = {isa = PBXFileReference; lastKnownFileType = sourcecode.swift; path = UIExtensions.swift; sourceTree = "<group>"; };
		84FC42FD2AAB5A2C00F417F8 /* Theme.swift */ = {isa = PBXFileReference; lastKnownFileType = sourcecode.swift; path = Theme.swift; sourceTree = "<group>"; };
		84FC42FF2AAB5A8900F417F8 /* Color.swift */ = {isa = PBXFileReference; lastKnownFileType = sourcecode.swift; path = Color.swift; sourceTree = "<group>"; };
		B0114B6FE4028735ED1E8481 /* Pods-MoviesInn.debug.xcconfig */ = {isa = PBXFileReference; includeInIndex = 1; lastKnownFileType = text.xcconfig; name = "Pods-MoviesInn.debug.xcconfig"; path = "Target Support Files/Pods-MoviesInn/Pods-MoviesInn.debug.xcconfig"; sourceTree = "<group>"; };
		D68122D74CC38D86FB0AAF3B /* Pods-MoviesInn-MoviesInnUITests.debug.xcconfig */ = {isa = PBXFileReference; includeInIndex = 1; lastKnownFileType = text.xcconfig; name = "Pods-MoviesInn-MoviesInnUITests.debug.xcconfig"; path = "Target Support Files/Pods-MoviesInn-MoviesInnUITests/Pods-MoviesInn-MoviesInnUITests.debug.xcconfig"; sourceTree = "<group>"; };
		F72F164969BA8B79F2EAEFDF /* Pods_MoviesInnTests.framework */ = {isa = PBXFileReference; explicitFileType = wrapper.framework; includeInIndex = 0; path = Pods_MoviesInnTests.framework; sourceTree = BUILT_PRODUCTS_DIR; };
		F8A8ABA878BCD1B4CAD7C361 /* Pods-MoviesInnTests.debug.xcconfig */ = {isa = PBXFileReference; includeInIndex = 1; lastKnownFileType = text.xcconfig; name = "Pods-MoviesInnTests.debug.xcconfig"; path = "Target Support Files/Pods-MoviesInnTests/Pods-MoviesInnTests.debug.xcconfig"; sourceTree = "<group>"; };
/* End PBXFileReference section */

/* Begin PBXFrameworksBuildPhase section */
		841E7F072AA991D800AA01F2 /* Frameworks */ = {
			isa = PBXFrameworksBuildPhase;
			buildActionMask = 2147483647;
			files = (
				68290FA40AA658B90C856517 /* Pods_MoviesInn.framework in Frameworks */,
			);
			runOnlyForDeploymentPostprocessing = 0;
		};
		841E7F202AA991DA00AA01F2 /* Frameworks */ = {
			isa = PBXFrameworksBuildPhase;
			buildActionMask = 2147483647;
			files = (
				1D01A0A07BF4A29638166F4E /* Pods_MoviesInnTests.framework in Frameworks */,
			);
			runOnlyForDeploymentPostprocessing = 0;
		};
		841E7F2A2AA991DA00AA01F2 /* Frameworks */ = {
			isa = PBXFrameworksBuildPhase;
			buildActionMask = 2147483647;
			files = (
				9463A0C32BE89D9DD003C0AD /* Pods_MoviesInn_MoviesInnUITests.framework in Frameworks */,
			);
			runOnlyForDeploymentPostprocessing = 0;
		};
/* End PBXFrameworksBuildPhase section */

/* Begin PBXGroup section */
		32E2424E2AABC3D800EB4AAF /* DataProvider */ = {
			isa = PBXGroup;
			children = (
				32E242502AABC45500EB4AAF /* MovieListDataProvider.swift */,
				32E2425C2AAC6F7A00EB4AAF /* SpecificMovieDataProvider.swift */,
			);
			path = DataProvider;
			sourceTree = "<group>";
		};
		32E2424F2AABC43C00EB4AAF /* ViewModel */ = {
			isa = PBXGroup;
			children = (
				32E242542AAC490700EB4AAF /* MoviesListViewModel.swift */,
				32E2425E2AAC712A00EB4AAF /* SpecificMovieViewModel.swift */,
			);
			path = ViewModel;
			sourceTree = "<group>";
		};
		58490A33CF659CB861FFFD96 /* Pods */ = {
			isa = PBXGroup;
			children = (
				B0114B6FE4028735ED1E8481 /* Pods-MoviesInn.debug.xcconfig */,
				0368A609472EFFF6F811F8C5 /* Pods-MoviesInn.release.xcconfig */,
				D68122D74CC38D86FB0AAF3B /* Pods-MoviesInn-MoviesInnUITests.debug.xcconfig */,
				80EAE7F0358480F4D11AD624 /* Pods-MoviesInn-MoviesInnUITests.release.xcconfig */,
				F8A8ABA878BCD1B4CAD7C361 /* Pods-MoviesInnTests.debug.xcconfig */,
				2BB3ACF4FB5694497C98B115 /* Pods-MoviesInnTests.release.xcconfig */,
			);
			path = Pods;
			sourceTree = "<group>";
		};
		841E7F012AA991D800AA01F2 = {
			isa = PBXGroup;
			children = (
				841E7F0C2AA991D800AA01F2 /* MoviesInn */,
				841E7F262AA991DA00AA01F2 /* MoviesInnTests */,
				841E7F302AA991DA00AA01F2 /* MoviesInnUITests */,
				841E7F0B2AA991D800AA01F2 /* Products */,
				58490A33CF659CB861FFFD96 /* Pods */,
				CB435964C121F3C69DE2531C /* Frameworks */,
			);
			sourceTree = "<group>";
		};
		841E7F0B2AA991D800AA01F2 /* Products */ = {
			isa = PBXGroup;
			children = (
				841E7F0A2AA991D800AA01F2 /* MoviesInn.app */,
				841E7F232AA991DA00AA01F2 /* MoviesInnTests.xctest */,
				841E7F2D2AA991DA00AA01F2 /* MoviesInnUITests.xctest */,
			);
			name = Products;
			sourceTree = "<group>";
		};
		841E7F0C2AA991D800AA01F2 /* MoviesInn */ = {
			isa = PBXGroup;
			children = (
				32E2424F2AABC43C00EB4AAF /* ViewModel */,
				32E2424E2AABC3D800EB4AAF /* DataProvider */,
				84FC42FA2AAB59A700F417F8 /* Extension */,
				84FC42EE2AAB359300F417F8 /* UIComponents */,
				84FC42E92AAB00AB00F417F8 /* Assets */,
				84FC42E82AAAFFAA00F417F8 /* ViewControllers */,
				84FC42DF2AAADEAE00F417F8 /* Delegates And Protocols */,
				841E7F492AA9E78300AA01F2 /* Network */,
				841E7F482AA9E77200AA01F2 /* Configuration */,
				841E7F452AA9A9B800AA01F2 /* Utils */,
				841E7F402AA99E4800AA01F2 /* Model */,
				841E7F132AA991D800AA01F2 /* Main.storyboard */,
				841E7F1B2AA991D900AA01F2 /* LaunchScreen.storyboard */,
				841E7F1E2AA991D900AA01F2 /* Info.plist */,
				841E7F162AA991D800AA01F2 /* MoviesInn.xcdatamodeld */,
			);
			path = MoviesInn;
			sourceTree = "<group>";
		};
		841E7F262AA991DA00AA01F2 /* MoviesInnTests */ = {
			isa = PBXGroup;
			children = (
				841E7F272AA991DA00AA01F2 /* MoviesInnTests.swift */,
				32E242622AACA15600EB4AAF /* MovieInnTestCases.swift */,
			);
			path = MoviesInnTests;
			sourceTree = "<group>";
		};
		841E7F302AA991DA00AA01F2 /* MoviesInnUITests */ = {
			isa = PBXGroup;
			children = (
				841E7F312AA991DA00AA01F2 /* MoviesInnUITests.swift */,
				841E7F332AA991DA00AA01F2 /* MoviesInnUITestsLaunchTests.swift */,
			);
			path = MoviesInnUITests;
			sourceTree = "<group>";
		};
		841E7F402AA99E4800AA01F2 /* Model */ = {
			isa = PBXGroup;
			children = (
				841E7F412AA99F1000AA01F2 /* AllMovies.swift */,
				841E7F432AA99F7300AA01F2 /* SpecificMovie.swift */,
				84FC42E62AAAFE3000F417F8 /* Configuration.swift */,
			);
			path = Model;
			sourceTree = "<group>";
		};
		841E7F452AA9A9B800AA01F2 /* Utils */ = {
			isa = PBXGroup;
			children = (
				841E7F462AA9A9C700AA01F2 /* Constants.swift */,
				84FC42E22AAAE2A600F417F8 /* AppManager.swift */,
				84FC42EC2AAB2DE400F417F8 /* Error.swift */,
				84FC42F42AAB588E00F417F8 /* BaseViewController.swift */,
				84FC42F62AAB58CC00F417F8 /* BaseViewModel.swift */,
				84FC42FD2AAB5A2C00F417F8 /* Theme.swift */,
				84FC42FF2AAB5A8900F417F8 /* Color.swift */,
			);
			path = Utils;
			sourceTree = "<group>";
		};
		841E7F482AA9E77200AA01F2 /* Configuration */ = {
			isa = PBXGroup;
			children = (
				841E7F0D2AA991D800AA01F2 /* AppDelegate.swift */,
				841E7F0F2AA991D800AA01F2 /* SceneDelegate.swift */,
			);
			path = Configuration;
			sourceTree = "<group>";
		};
		841E7F492AA9E78300AA01F2 /* Network */ = {
			isa = PBXGroup;
			children = (
				84FC42DD2AAADE5400F417F8 /* WebService.swift */,
				84FC42E42AAAE36E00F417F8 /* InternetConnectivity.swift */,
			);
			path = Network;
			sourceTree = "<group>";
		};
		84FC42DF2AAADEAE00F417F8 /* Delegates And Protocols */ = {
			isa = PBXGroup;
			children = (
				84FC42E02AAADECE00F417F8 /* WebService Delegate.swift */,
				84FC42F82AAB58F800F417F8 /* BaseViewModelProtocol.swift */,
				32E242522AABC4F600EB4AAF /* BaseDataProvider.swift */,
				32E242562AAC4A1500EB4AAF /* BaseDataProviderProtocol.swift */,
				32E242582AAC4AFF00EB4AAF /* MovieListViewModelProtocol.swift */,
				32E242602AAC717100EB4AAF /* SpecificMovieViewModelProtocol.swift */,
			);
			path = "Delegates And Protocols";
			sourceTree = "<group>";
		};
		84FC42E82AAAFFAA00F417F8 /* ViewControllers */ = {
			isa = PBXGroup;
			children = (
				841E7F112AA991D800AA01F2 /* MoviesListViewController.swift */,
				32E2425A2AAC672E00EB4AAF /* SpecificMovieViewController.swift */,
			);
			path = ViewControllers;
			sourceTree = "<group>";
		};
		84FC42E92AAB00AB00F417F8 /* Assets */ = {
			isa = PBXGroup;
			children = (
				841E7F192AA991D900AA01F2 /* Assets.xcassets */,
				84FC42EA2AAB00D900F417F8 /* Colour.xcassets */,
			);
			path = Assets;
			sourceTree = "<group>";
		};
		84FC42EE2AAB359300F417F8 /* UIComponents */ = {
			isa = PBXGroup;
			children = (
				84FC42EF2AAB359B00F417F8 /* TableViewCell */,
			);
			path = UIComponents;
			sourceTree = "<group>";
		};
		84FC42EF2AAB359B00F417F8 /* TableViewCell */ = {
			isa = PBXGroup;
			children = (
				84FC42F02AAB35B900F417F8 /* MovieListCell.swift */,
				84FC42F12AAB35B900F417F8 /* MovieListCell.xib */,
			);
			path = TableViewCell;
			sourceTree = "<group>";
		};
		84FC42FA2AAB59A700F417F8 /* Extension */ = {
			isa = PBXGroup;
			children = (
				84FC42FB2AAB59B400F417F8 /* UIExtensions.swift */,
			);
			path = Extension;
			sourceTree = "<group>";
		};
		CB435964C121F3C69DE2531C /* Frameworks */ = {
			isa = PBXGroup;
			children = (
				6488D5A662124977DEB4A56E /* Pods_MoviesInn.framework */,
				79AA9849A13DFD8213BEBEBB /* Pods_MoviesInn_MoviesInnUITests.framework */,
				F72F164969BA8B79F2EAEFDF /* Pods_MoviesInnTests.framework */,
			);
			name = Frameworks;
			sourceTree = "<group>";
		};
/* End PBXGroup section */

/* Begin PBXNativeTarget section */
		841E7F092AA991D800AA01F2 /* MoviesInn */ = {
			isa = PBXNativeTarget;
			buildConfigurationList = 841E7F372AA991DA00AA01F2 /* Build configuration list for PBXNativeTarget "MoviesInn" */;
			buildPhases = (
				C31016D4CE8B854465D37E86 /* [CP] Check Pods Manifest.lock */,
				841E7F062AA991D800AA01F2 /* Sources */,
				841E7F072AA991D800AA01F2 /* Frameworks */,
				841E7F082AA991D800AA01F2 /* Resources */,
				64F62C2A59E591E1F6CF0F9F /* [CP] Embed Pods Frameworks */,
			);
			buildRules = (
			);
			dependencies = (
			);
			name = MoviesInn;
			productName = MoviesInn;
			productReference = 841E7F0A2AA991D800AA01F2 /* MoviesInn.app */;
			productType = "com.apple.product-type.application";
		};
		841E7F222AA991DA00AA01F2 /* MoviesInnTests */ = {
			isa = PBXNativeTarget;
			buildConfigurationList = 841E7F3A2AA991DA00AA01F2 /* Build configuration list for PBXNativeTarget "MoviesInnTests" */;
			buildPhases = (
				60E0A70E64ACD8084C6C6EBE /* [CP] Check Pods Manifest.lock */,
				841E7F1F2AA991DA00AA01F2 /* Sources */,
				841E7F202AA991DA00AA01F2 /* Frameworks */,
				841E7F212AA991DA00AA01F2 /* Resources */,
			);
			buildRules = (
			);
			dependencies = (
				841E7F252AA991DA00AA01F2 /* PBXTargetDependency */,
			);
			name = MoviesInnTests;
			productName = MoviesInnTests;
			productReference = 841E7F232AA991DA00AA01F2 /* MoviesInnTests.xctest */;
			productType = "com.apple.product-type.bundle.unit-test";
		};
		841E7F2C2AA991DA00AA01F2 /* MoviesInnUITests */ = {
			isa = PBXNativeTarget;
			buildConfigurationList = 841E7F3D2AA991DA00AA01F2 /* Build configuration list for PBXNativeTarget "MoviesInnUITests" */;
			buildPhases = (
				9260789B52C92D0EB8D0DCD9 /* [CP] Check Pods Manifest.lock */,
				841E7F292AA991DA00AA01F2 /* Sources */,
				841E7F2A2AA991DA00AA01F2 /* Frameworks */,
				841E7F2B2AA991DA00AA01F2 /* Resources */,
				DACA2F8F84359260015085A5 /* [CP] Embed Pods Frameworks */,
			);
			buildRules = (
			);
			dependencies = (
				841E7F2F2AA991DA00AA01F2 /* PBXTargetDependency */,
			);
			name = MoviesInnUITests;
			productName = MoviesInnUITests;
			productReference = 841E7F2D2AA991DA00AA01F2 /* MoviesInnUITests.xctest */;
			productType = "com.apple.product-type.bundle.ui-testing";
		};
/* End PBXNativeTarget section */

/* Begin PBXProject section */
		841E7F022AA991D800AA01F2 /* Project object */ = {
			isa = PBXProject;
			attributes = {
				BuildIndependentTargetsInParallel = 1;
				LastSwiftUpdateCheck = 1420;
				LastUpgradeCheck = 1420;
				TargetAttributes = {
					841E7F092AA991D800AA01F2 = {
						CreatedOnToolsVersion = 14.2;
					};
					841E7F222AA991DA00AA01F2 = {
						CreatedOnToolsVersion = 14.2;
						TestTargetID = 841E7F092AA991D800AA01F2;
					};
					841E7F2C2AA991DA00AA01F2 = {
						CreatedOnToolsVersion = 14.2;
						TestTargetID = 841E7F092AA991D800AA01F2;
					};
				};
			};
			buildConfigurationList = 841E7F052AA991D800AA01F2 /* Build configuration list for PBXProject "MoviesInn" */;
			compatibilityVersion = "Xcode 13.0";
			developmentRegion = en;
			hasScannedForEncodings = 0;
			knownRegions = (
				en,
				Base,
			);
			mainGroup = 841E7F012AA991D800AA01F2;
			productRefGroup = 841E7F0B2AA991D800AA01F2 /* Products */;
			projectDirPath = "";
			projectRoot = "";
			targets = (
				841E7F092AA991D800AA01F2 /* MoviesInn */,
				841E7F222AA991DA00AA01F2 /* MoviesInnTests */,
				841E7F2C2AA991DA00AA01F2 /* MoviesInnUITests */,
			);
		};
/* End PBXProject section */

/* Begin PBXResourcesBuildPhase section */
		841E7F082AA991D800AA01F2 /* Resources */ = {
			isa = PBXResourcesBuildPhase;
			buildActionMask = 2147483647;
			files = (
				841E7F1D2AA991D900AA01F2 /* LaunchScreen.storyboard in Resources */,
				841E7F1A2AA991D900AA01F2 /* Assets.xcassets in Resources */,
				841E7F152AA991D800AA01F2 /* Main.storyboard in Resources */,
				84FC42F32AAB35B900F417F8 /* MovieListCell.xib in Resources */,
				84FC42EB2AAB00D900F417F8 /* Colour.xcassets in Resources */,
			);
			runOnlyForDeploymentPostprocessing = 0;
		};
		841E7F212AA991DA00AA01F2 /* Resources */ = {
			isa = PBXResourcesBuildPhase;
			buildActionMask = 2147483647;
			files = (
			);
			runOnlyForDeploymentPostprocessing = 0;
		};
		841E7F2B2AA991DA00AA01F2 /* Resources */ = {
			isa = PBXResourcesBuildPhase;
			buildActionMask = 2147483647;
			files = (
			);
			runOnlyForDeploymentPostprocessing = 0;
		};
/* End PBXResourcesBuildPhase section */

/* Begin PBXShellScriptBuildPhase section */
		60E0A70E64ACD8084C6C6EBE /* [CP] Check Pods Manifest.lock */ = {
			isa = PBXShellScriptBuildPhase;
			buildActionMask = 2147483647;
			files = (
			);
			inputFileListPaths = (
			);
			inputPaths = (
				"${PODS_PODFILE_DIR_PATH}/Podfile.lock",
				"${PODS_ROOT}/Manifest.lock",
			);
			name = "[CP] Check Pods Manifest.lock";
			outputFileListPaths = (
			);
			outputPaths = (
				"$(DERIVED_FILE_DIR)/Pods-MoviesInnTests-checkManifestLockResult.txt",
			);
			runOnlyForDeploymentPostprocessing = 0;
			shellPath = /bin/sh;
			shellScript = "diff \"${PODS_PODFILE_DIR_PATH}/Podfile.lock\" \"${PODS_ROOT}/Manifest.lock\" > /dev/null\nif [ $? != 0 ] ; then\n    # print error to STDERR\n    echo \"error: The sandbox is not in sync with the Podfile.lock. Run 'pod install' or update your CocoaPods installation.\" >&2\n    exit 1\nfi\n# This output is used by Xcode 'outputs' to avoid re-running this script phase.\necho \"SUCCESS\" > \"${SCRIPT_OUTPUT_FILE_0}\"\n";
			showEnvVarsInLog = 0;
		};
		64F62C2A59E591E1F6CF0F9F /* [CP] Embed Pods Frameworks */ = {
			isa = PBXShellScriptBuildPhase;
			buildActionMask = 2147483647;
			files = (
			);
			inputFileListPaths = (
				"${PODS_ROOT}/Target Support Files/Pods-MoviesInn/Pods-MoviesInn-frameworks-${CONFIGURATION}-input-files.xcfilelist",
			);
			name = "[CP] Embed Pods Frameworks";
			outputFileListPaths = (
				"${PODS_ROOT}/Target Support Files/Pods-MoviesInn/Pods-MoviesInn-frameworks-${CONFIGURATION}-output-files.xcfilelist",
			);
			runOnlyForDeploymentPostprocessing = 0;
			shellPath = /bin/sh;
			shellScript = "\"${PODS_ROOT}/Target Support Files/Pods-MoviesInn/Pods-MoviesInn-frameworks.sh\"\n";
			showEnvVarsInLog = 0;
		};
		9260789B52C92D0EB8D0DCD9 /* [CP] Check Pods Manifest.lock */ = {
			isa = PBXShellScriptBuildPhase;
			buildActionMask = 2147483647;
			files = (
			);
			inputFileListPaths = (
			);
			inputPaths = (
				"${PODS_PODFILE_DIR_PATH}/Podfile.lock",
				"${PODS_ROOT}/Manifest.lock",
			);
			name = "[CP] Check Pods Manifest.lock";
			outputFileListPaths = (
			);
			outputPaths = (
				"$(DERIVED_FILE_DIR)/Pods-MoviesInn-MoviesInnUITests-checkManifestLockResult.txt",
			);
			runOnlyForDeploymentPostprocessing = 0;
			shellPath = /bin/sh;
			shellScript = "diff \"${PODS_PODFILE_DIR_PATH}/Podfile.lock\" \"${PODS_ROOT}/Manifest.lock\" > /dev/null\nif [ $? != 0 ] ; then\n    # print error to STDERR\n    echo \"error: The sandbox is not in sync with the Podfile.lock. Run 'pod install' or update your CocoaPods installation.\" >&2\n    exit 1\nfi\n# This output is used by Xcode 'outputs' to avoid re-running this script phase.\necho \"SUCCESS\" > \"${SCRIPT_OUTPUT_FILE_0}\"\n";
			showEnvVarsInLog = 0;
		};
		C31016D4CE8B854465D37E86 /* [CP] Check Pods Manifest.lock */ = {
			isa = PBXShellScriptBuildPhase;
			buildActionMask = 2147483647;
			files = (
			);
			inputFileListPaths = (
			);
			inputPaths = (
				"${PODS_PODFILE_DIR_PATH}/Podfile.lock",
				"${PODS_ROOT}/Manifest.lock",
			);
			name = "[CP] Check Pods Manifest.lock";
			outputFileListPaths = (
			);
			outputPaths = (
				"$(DERIVED_FILE_DIR)/Pods-MoviesInn-checkManifestLockResult.txt",
			);
			runOnlyForDeploymentPostprocessing = 0;
			shellPath = /bin/sh;
			shellScript = "diff \"${PODS_PODFILE_DIR_PATH}/Podfile.lock\" \"${PODS_ROOT}/Manifest.lock\" > /dev/null\nif [ $? != 0 ] ; then\n    # print error to STDERR\n    echo \"error: The sandbox is not in sync with the Podfile.lock. Run 'pod install' or update your CocoaPods installation.\" >&2\n    exit 1\nfi\n# This output is used by Xcode 'outputs' to avoid re-running this script phase.\necho \"SUCCESS\" > \"${SCRIPT_OUTPUT_FILE_0}\"\n";
			showEnvVarsInLog = 0;
		};
		DACA2F8F84359260015085A5 /* [CP] Embed Pods Frameworks */ = {
			isa = PBXShellScriptBuildPhase;
			buildActionMask = 2147483647;
			files = (
			);
			inputFileListPaths = (
				"${PODS_ROOT}/Target Support Files/Pods-MoviesInn-MoviesInnUITests/Pods-MoviesInn-MoviesInnUITests-frameworks-${CONFIGURATION}-input-files.xcfilelist",
			);
			name = "[CP] Embed Pods Frameworks";
			outputFileListPaths = (
				"${PODS_ROOT}/Target Support Files/Pods-MoviesInn-MoviesInnUITests/Pods-MoviesInn-MoviesInnUITests-frameworks-${CONFIGURATION}-output-files.xcfilelist",
			);
			runOnlyForDeploymentPostprocessing = 0;
			shellPath = /bin/sh;
			shellScript = "\"${PODS_ROOT}/Target Support Files/Pods-MoviesInn-MoviesInnUITests/Pods-MoviesInn-MoviesInnUITests-frameworks.sh\"\n";
			showEnvVarsInLog = 0;
		};
/* End PBXShellScriptBuildPhase section */

/* Begin PBXSourcesBuildPhase section */
		841E7F062AA991D800AA01F2 /* Sources */ = {
			isa = PBXSourcesBuildPhase;
			buildActionMask = 2147483647;
			files = (
				841E7F122AA991D800AA01F2 /* MoviesListViewController.swift in Sources */,
				84FC42E32AAAE2A600F417F8 /* AppManager.swift in Sources */,
				84FC42E12AAADECE00F417F8 /* WebService Delegate.swift in Sources */,
				32E242572AAC4A1500EB4AAF /* BaseDataProviderProtocol.swift in Sources */,
				84FC42FC2AAB59B400F417F8 /* UIExtensions.swift in Sources */,
				84FC42ED2AAB2DE400F417F8 /* Error.swift in Sources */,
				32E2425D2AAC6F7A00EB4AAF /* SpecificMovieDataProvider.swift in Sources */,
				841E7F0E2AA991D800AA01F2 /* AppDelegate.swift in Sources */,
				84FC42F72AAB58CC00F417F8 /* BaseViewModel.swift in Sources */,
				84FC42F52AAB588E00F417F8 /* BaseViewController.swift in Sources */,
				84FC42E52AAAE36E00F417F8 /* InternetConnectivity.swift in Sources */,
				84FC42DE2AAADE5400F417F8 /* WebService.swift in Sources */,
				32E242592AAC4AFF00EB4AAF /* MovieListViewModelProtocol.swift in Sources */,
				84FC42E72AAAFE3000F417F8 /* Configuration.swift in Sources */,
				841E7F182AA991D800AA01F2 /* MoviesInn.xcdatamodeld in Sources */,
				841E7F102AA991D800AA01F2 /* SceneDelegate.swift in Sources */,
				32E2425B2AAC672E00EB4AAF /* SpecificMovieViewController.swift in Sources */,
				32E242612AAC717100EB4AAF /* SpecificMovieViewModelProtocol.swift in Sources */,
				84FC43002AAB5A8900F417F8 /* Color.swift in Sources */,
				32E242512AABC45500EB4AAF /* MovieListDataProvider.swift in Sources */,
				84FC42FE2AAB5A2C00F417F8 /* Theme.swift in Sources */,
				84FC42F92AAB58F800F417F8 /* BaseViewModelProtocol.swift in Sources */,
				32E2425F2AAC712A00EB4AAF /* SpecificMovieViewModel.swift in Sources */,
				841E7F472AA9A9C700AA01F2 /* Constants.swift in Sources */,
				32E242552AAC490700EB4AAF /* MoviesListViewModel.swift in Sources */,
				841E7F442AA99F7300AA01F2 /* SpecificMovie.swift in Sources */,
				32E242532AABC4F600EB4AAF /* BaseDataProvider.swift in Sources */,
				84FC42F22AAB35B900F417F8 /* MovieListCell.swift in Sources */,
				841E7F422AA99F1000AA01F2 /* AllMovies.swift in Sources */,
			);
			runOnlyForDeploymentPostprocessing = 0;
		};
		841E7F1F2AA991DA00AA01F2 /* Sources */ = {
			isa = PBXSourcesBuildPhase;
			buildActionMask = 2147483647;
			files = (
				32E242632AACA15700EB4AAF /* MovieInnTestCases.swift in Sources */,
				841E7F282AA991DA00AA01F2 /* MoviesInnTests.swift in Sources */,
			);
			runOnlyForDeploymentPostprocessing = 0;
		};
		841E7F292AA991DA00AA01F2 /* Sources */ = {
			isa = PBXSourcesBuildPhase;
			buildActionMask = 2147483647;
			files = (
				841E7F322AA991DA00AA01F2 /* MoviesInnUITests.swift in Sources */,
				841E7F342AA991DA00AA01F2 /* MoviesInnUITestsLaunchTests.swift in Sources */,
			);
			runOnlyForDeploymentPostprocessing = 0;
		};
/* End PBXSourcesBuildPhase section */

/* Begin PBXTargetDependency section */
		841E7F252AA991DA00AA01F2 /* PBXTargetDependency */ = {
			isa = PBXTargetDependency;
			target = 841E7F092AA991D800AA01F2 /* MoviesInn */;
			targetProxy = 841E7F242AA991DA00AA01F2 /* PBXContainerItemProxy */;
		};
		841E7F2F2AA991DA00AA01F2 /* PBXTargetDependency */ = {
			isa = PBXTargetDependency;
			target = 841E7F092AA991D800AA01F2 /* MoviesInn */;
			targetProxy = 841E7F2E2AA991DA00AA01F2 /* PBXContainerItemProxy */;
		};
/* End PBXTargetDependency section */

/* Begin PBXVariantGroup section */
		841E7F132AA991D800AA01F2 /* Main.storyboard */ = {
			isa = PBXVariantGroup;
			children = (
				841E7F142AA991D800AA01F2 /* Base */,
			);
			name = Main.storyboard;
			sourceTree = "<group>";
		};
		841E7F1B2AA991D900AA01F2 /* LaunchScreen.storyboard */ = {
			isa = PBXVariantGroup;
			children = (
				841E7F1C2AA991D900AA01F2 /* Base */,
			);
			name = LaunchScreen.storyboard;
			sourceTree = "<group>";
		};
/* End PBXVariantGroup section */

/* Begin XCBuildConfiguration section */
		841E7F352AA991DA00AA01F2 /* Debug */ = {
			isa = XCBuildConfiguration;
			buildSettings = {
				ALWAYS_SEARCH_USER_PATHS = NO;
				CLANG_ANALYZER_NONNULL = YES;
				CLANG_ANALYZER_NUMBER_OBJECT_CONVERSION = YES_AGGRESSIVE;
				CLANG_CXX_LANGUAGE_STANDARD = "gnu++20";
				CLANG_ENABLE_MODULES = YES;
				CLANG_ENABLE_OBJC_ARC = YES;
				CLANG_ENABLE_OBJC_WEAK = YES;
				CLANG_WARN_BLOCK_CAPTURE_AUTORELEASING = YES;
				CLANG_WARN_BOOL_CONVERSION = YES;
				CLANG_WARN_COMMA = YES;
				CLANG_WARN_CONSTANT_CONVERSION = YES;
				CLANG_WARN_DEPRECATED_OBJC_IMPLEMENTATIONS = YES;
				CLANG_WARN_DIRECT_OBJC_ISA_USAGE = YES_ERROR;
				CLANG_WARN_DOCUMENTATION_COMMENTS = YES;
				CLANG_WARN_EMPTY_BODY = YES;
				CLANG_WARN_ENUM_CONVERSION = YES;
				CLANG_WARN_INFINITE_RECURSION = YES;
				CLANG_WARN_INT_CONVERSION = YES;
				CLANG_WARN_NON_LITERAL_NULL_CONVERSION = YES;
				CLANG_WARN_OBJC_IMPLICIT_RETAIN_SELF = YES;
				CLANG_WARN_OBJC_LITERAL_CONVERSION = YES;
				CLANG_WARN_OBJC_ROOT_CLASS = YES_ERROR;
				CLANG_WARN_QUOTED_INCLUDE_IN_FRAMEWORK_HEADER = YES;
				CLANG_WARN_RANGE_LOOP_ANALYSIS = YES;
				CLANG_WARN_STRICT_PROTOTYPES = YES;
				CLANG_WARN_SUSPICIOUS_MOVE = YES;
				CLANG_WARN_UNGUARDED_AVAILABILITY = YES_AGGRESSIVE;
				CLANG_WARN_UNREACHABLE_CODE = YES;
				CLANG_WARN__DUPLICATE_METHOD_MATCH = YES;
				COPY_PHASE_STRIP = NO;
				DEBUG_INFORMATION_FORMAT = dwarf;
				ENABLE_STRICT_OBJC_MSGSEND = YES;
				ENABLE_TESTABILITY = YES;
				GCC_C_LANGUAGE_STANDARD = gnu11;
				GCC_DYNAMIC_NO_PIC = NO;
				GCC_NO_COMMON_BLOCKS = YES;
				GCC_OPTIMIZATION_LEVEL = 0;
				GCC_PREPROCESSOR_DEFINITIONS = (
					"DEBUG=1",
					"$(inherited)",
				);
				GCC_WARN_64_TO_32_BIT_CONVERSION = YES;
				GCC_WARN_ABOUT_RETURN_TYPE = YES_ERROR;
				GCC_WARN_UNDECLARED_SELECTOR = YES;
				GCC_WARN_UNINITIALIZED_AUTOS = YES_AGGRESSIVE;
				GCC_WARN_UNUSED_FUNCTION = YES;
				GCC_WARN_UNUSED_VARIABLE = YES;
				IPHONEOS_DEPLOYMENT_TARGET = 13.0;
				MTL_ENABLE_DEBUG_INFO = INCLUDE_SOURCE;
				MTL_FAST_MATH = YES;
				ONLY_ACTIVE_ARCH = YES;
				SDKROOT = iphoneos;
				SWIFT_ACTIVE_COMPILATION_CONDITIONS = DEBUG;
				SWIFT_OPTIMIZATION_LEVEL = "-Onone";
			};
			name = Debug;
		};
		841E7F362AA991DA00AA01F2 /* Release */ = {
			isa = XCBuildConfiguration;
			buildSettings = {
				ALWAYS_SEARCH_USER_PATHS = NO;
				CLANG_ANALYZER_NONNULL = YES;
				CLANG_ANALYZER_NUMBER_OBJECT_CONVERSION = YES_AGGRESSIVE;
				CLANG_CXX_LANGUAGE_STANDARD = "gnu++20";
				CLANG_ENABLE_MODULES = YES;
				CLANG_ENABLE_OBJC_ARC = YES;
				CLANG_ENABLE_OBJC_WEAK = YES;
				CLANG_WARN_BLOCK_CAPTURE_AUTORELEASING = YES;
				CLANG_WARN_BOOL_CONVERSION = YES;
				CLANG_WARN_COMMA = YES;
				CLANG_WARN_CONSTANT_CONVERSION = YES;
				CLANG_WARN_DEPRECATED_OBJC_IMPLEMENTATIONS = YES;
				CLANG_WARN_DIRECT_OBJC_ISA_USAGE = YES_ERROR;
				CLANG_WARN_DOCUMENTATION_COMMENTS = YES;
				CLANG_WARN_EMPTY_BODY = YES;
				CLANG_WARN_ENUM_CONVERSION = YES;
				CLANG_WARN_INFINITE_RECURSION = YES;
				CLANG_WARN_INT_CONVERSION = YES;
				CLANG_WARN_NON_LITERAL_NULL_CONVERSION = YES;
				CLANG_WARN_OBJC_IMPLICIT_RETAIN_SELF = YES;
				CLANG_WARN_OBJC_LITERAL_CONVERSION = YES;
				CLANG_WARN_OBJC_ROOT_CLASS = YES_ERROR;
				CLANG_WARN_QUOTED_INCLUDE_IN_FRAMEWORK_HEADER = YES;
				CLANG_WARN_RANGE_LOOP_ANALYSIS = YES;
				CLANG_WARN_STRICT_PROTOTYPES = YES;
				CLANG_WARN_SUSPICIOUS_MOVE = YES;
				CLANG_WARN_UNGUARDED_AVAILABILITY = YES_AGGRESSIVE;
				CLANG_WARN_UNREACHABLE_CODE = YES;
				CLANG_WARN__DUPLICATE_METHOD_MATCH = YES;
				COPY_PHASE_STRIP = NO;
				DEBUG_INFORMATION_FORMAT = "dwarf-with-dsym";
				ENABLE_NS_ASSERTIONS = NO;
				ENABLE_STRICT_OBJC_MSGSEND = YES;
				GCC_C_LANGUAGE_STANDARD = gnu11;
				GCC_NO_COMMON_BLOCKS = YES;
				GCC_WARN_64_TO_32_BIT_CONVERSION = YES;
				GCC_WARN_ABOUT_RETURN_TYPE = YES_ERROR;
				GCC_WARN_UNDECLARED_SELECTOR = YES;
				GCC_WARN_UNINITIALIZED_AUTOS = YES_AGGRESSIVE;
				GCC_WARN_UNUSED_FUNCTION = YES;
				GCC_WARN_UNUSED_VARIABLE = YES;
				IPHONEOS_DEPLOYMENT_TARGET = 13.0;
				MTL_ENABLE_DEBUG_INFO = NO;
				MTL_FAST_MATH = YES;
				ONLY_ACTIVE_ARCH = YES;
				SDKROOT = iphoneos;
				SWIFT_COMPILATION_MODE = wholemodule;
				SWIFT_OPTIMIZATION_LEVEL = "-O";
				VALIDATE_PRODUCT = YES;
			};
			name = Release;
		};
		841E7F382AA991DA00AA01F2 /* Debug */ = {
			isa = XCBuildConfiguration;
			baseConfigurationReference = B0114B6FE4028735ED1E8481 /* Pods-MoviesInn.debug.xcconfig */;
			buildSettings = {
				ASSETCATALOG_COMPILER_APPICON_NAME = AppIcon;
				ASSETCATALOG_COMPILER_GLOBAL_ACCENT_COLOR_NAME = AccentColor;
				CODE_SIGN_STYLE = Automatic;
				CURRENT_PROJECT_VERSION = 1;
				DEVELOPMENT_TEAM = 7PLPMR39FJ;
				GENERATE_INFOPLIST_FILE = YES;
				INFOPLIST_FILE = MoviesInn/Info.plist;
				INFOPLIST_KEY_CFBundleDisplayName = "Movies Inn";
				INFOPLIST_KEY_LSApplicationCategoryType = "public.app-category.entertainment";
				INFOPLIST_KEY_UIApplicationSupportsIndirectInputEvents = YES;
				INFOPLIST_KEY_UILaunchStoryboardName = LaunchScreen;
				INFOPLIST_KEY_UIMainStoryboardFile = Main;
				INFOPLIST_KEY_UISupportedInterfaceOrientations = UIInterfaceOrientationPortrait;
				INFOPLIST_KEY_UISupportedInterfaceOrientations_iPad = UIInterfaceOrientationLandscapeRight;
				IPHONEOS_DEPLOYMENT_TARGET = 13.0;
				LD_RUNPATH_SEARCH_PATHS = (
					"$(inherited)",
					"@executable_path/Frameworks",
				);
				MARKETING_VERSION = 1.0;
				PRODUCT_BUNDLE_IDENTIFIER = moviesinn.com.demo.MoviesInn;
				PRODUCT_NAME = "$(TARGET_NAME)";
				SWIFT_EMIT_LOC_STRINGS = YES;
				SWIFT_VERSION = 5.0;
				TARGETED_DEVICE_FAMILY = "1,2";
			};
			name = Debug;
		};
		841E7F392AA991DA00AA01F2 /* Release */ = {
			isa = XCBuildConfiguration;
			baseConfigurationReference = 0368A609472EFFF6F811F8C5 /* Pods-MoviesInn.release.xcconfig */;
			buildSettings = {
				ASSETCATALOG_COMPILER_APPICON_NAME = AppIcon;
				ASSETCATALOG_COMPILER_GLOBAL_ACCENT_COLOR_NAME = AccentColor;
				CODE_SIGN_STYLE = Automatic;
				CURRENT_PROJECT_VERSION = 1;
				DEVELOPMENT_TEAM = 7PLPMR39FJ;
				GENERATE_INFOPLIST_FILE = YES;
				INFOPLIST_FILE = MoviesInn/Info.plist;
				INFOPLIST_KEY_CFBundleDisplayName = "Movies Inn";
				INFOPLIST_KEY_LSApplicationCategoryType = "public.app-category.entertainment";
				INFOPLIST_KEY_UIApplicationSupportsIndirectInputEvents = YES;
				INFOPLIST_KEY_UILaunchStoryboardName = LaunchScreen;
				INFOPLIST_KEY_UIMainStoryboardFile = Main;
				INFOPLIST_KEY_UISupportedInterfaceOrientations = UIInterfaceOrientationPortrait;
				INFOPLIST_KEY_UISupportedInterfaceOrientations_iPad = UIInterfaceOrientationLandscapeRight;
				IPHONEOS_DEPLOYMENT_TARGET = 13.0;
				LD_RUNPATH_SEARCH_PATHS = (
					"$(inherited)",
					"@executable_path/Frameworks",
				);
				MARKETING_VERSION = 1.0;
				PRODUCT_BUNDLE_IDENTIFIER = moviesinn.com.demo.MoviesInn;
				PRODUCT_NAME = "$(TARGET_NAME)";
				SWIFT_EMIT_LOC_STRINGS = YES;
				SWIFT_VERSION = 5.0;
				TARGETED_DEVICE_FAMILY = "1,2";
			};
			name = Release;
		};
		841E7F3B2AA991DA00AA01F2 /* Debug */ = {
			isa = XCBuildConfiguration;
			baseConfigurationReference = F8A8ABA878BCD1B4CAD7C361 /* Pods-MoviesInnTests.debug.xcconfig */;
			buildSettings = {
				ALWAYS_EMBED_SWIFT_STANDARD_LIBRARIES = YES;
				ARCHS = (
					"$(ARCHS_STANDARD)",
					x86_64,
					i386,
				);
				BUNDLE_LOADER = "$(TEST_HOST)";
				CODE_SIGN_STYLE = Automatic;
				CURRENT_PROJECT_VERSION = 1;
				DEVELOPMENT_TEAM = 7PLPMR39FJ;
				GENERATE_INFOPLIST_FILE = YES;
				IPHONEOS_DEPLOYMENT_TARGET = 16.2;
				MARKETING_VERSION = 1.0;
				PRODUCT_BUNDLE_IDENTIFIER = moviesinn.com.demo.MoviesInnTests;
				PRODUCT_NAME = "$(TARGET_NAME)";
				SWIFT_EMIT_LOC_STRINGS = NO;
				SWIFT_VERSION = 5.0;
				TARGETED_DEVICE_FAMILY = "1,2";
				TEST_HOST = "$(BUILT_PRODUCTS_DIR)/MoviesInn.app/MoviesInn";
			};
			name = Debug;
		};
		841E7F3C2AA991DA00AA01F2 /* Release */ = {
			isa = XCBuildConfiguration;
			baseConfigurationReference = 2BB3ACF4FB5694497C98B115 /* Pods-MoviesInnTests.release.xcconfig */;
			buildSettings = {
				ALWAYS_EMBED_SWIFT_STANDARD_LIBRARIES = YES;
				ARCHS = (
					"$(ARCHS_STANDARD)",
					x86_64,
					i386,
				);
				BUNDLE_LOADER = "$(TEST_HOST)";
				CODE_SIGN_STYLE = Automatic;
				CURRENT_PROJECT_VERSION = 1;
				DEVELOPMENT_TEAM = 7PLPMR39FJ;
				GENERATE_INFOPLIST_FILE = YES;
				IPHONEOS_DEPLOYMENT_TARGET = 16.2;
				MARKETING_VERSION = 1.0;
				PRODUCT_BUNDLE_IDENTIFIER = moviesinn.com.demo.MoviesInnTests;
				PRODUCT_NAME = "$(TARGET_NAME)";
				SWIFT_EMIT_LOC_STRINGS = NO;
				SWIFT_VERSION = 5.0;
				TARGETED_DEVICE_FAMILY = "1,2";
				TEST_HOST = "$(BUILT_PRODUCTS_DIR)/MoviesInn.app/MoviesInn";
			};
			name = Release;
		};
		841E7F3E2AA991DA00AA01F2 /* Debug */ = {
			isa = XCBuildConfiguration;
			baseConfigurationReference = D68122D74CC38D86FB0AAF3B /* Pods-MoviesInn-MoviesInnUITests.debug.xcconfig */;
			buildSettings = {
				ALWAYS_EMBED_SWIFT_STANDARD_LIBRARIES = YES;
				CODE_SIGN_STYLE = Automatic;
				CURRENT_PROJECT_VERSION = 1;
				DEVELOPMENT_TEAM = 7PLPMR39FJ;
				GENERATE_INFOPLIST_FILE = YES;
				MARKETING_VERSION = 1.0;
				PRODUCT_BUNDLE_IDENTIFIER = moviesinn.com.demo.MoviesInnUITests;
				PRODUCT_NAME = "$(TARGET_NAME)";
				SWIFT_EMIT_LOC_STRINGS = NO;
				SWIFT_VERSION = 5.0;
				TARGETED_DEVICE_FAMILY = "1,2";
				TEST_TARGET_NAME = MoviesInn;
			};
			name = Debug;
		};
		841E7F3F2AA991DA00AA01F2 /* Release */ = {
			isa = XCBuildConfiguration;
			baseConfigurationReference = 80EAE7F0358480F4D11AD624 /* Pods-MoviesInn-MoviesInnUITests.release.xcconfig */;
			buildSettings = {
				ALWAYS_EMBED_SWIFT_STANDARD_LIBRARIES = YES;
				CODE_SIGN_STYLE = Automatic;
				CURRENT_PROJECT_VERSION = 1;
				DEVELOPMENT_TEAM = 7PLPMR39FJ;
				GENERATE_INFOPLIST_FILE = YES;
				MARKETING_VERSION = 1.0;
				PRODUCT_BUNDLE_IDENTIFIER = moviesinn.com.demo.MoviesInnUITests;
				PRODUCT_NAME = "$(TARGET_NAME)";
				SWIFT_EMIT_LOC_STRINGS = NO;
				SWIFT_VERSION = 5.0;
				TARGETED_DEVICE_FAMILY = "1,2";
				TEST_TARGET_NAME = MoviesInn;
			};
			name = Release;
		};
/* End XCBuildConfiguration section */

/* Begin XCConfigurationList section */
		841E7F052AA991D800AA01F2 /* Build configuration list for PBXProject "MoviesInn" */ = {
			isa = XCConfigurationList;
			buildConfigurations = (
				841E7F352AA991DA00AA01F2 /* Debug */,
				841E7F362AA991DA00AA01F2 /* Release */,
			);
			defaultConfigurationIsVisible = 0;
			defaultConfigurationName = Release;
		};
		841E7F372AA991DA00AA01F2 /* Build configuration list for PBXNativeTarget "MoviesInn" */ = {
			isa = XCConfigurationList;
			buildConfigurations = (
				841E7F382AA991DA00AA01F2 /* Debug */,
				841E7F392AA991DA00AA01F2 /* Release */,
			);
			defaultConfigurationIsVisible = 0;
			defaultConfigurationName = Release;
		};
		841E7F3A2AA991DA00AA01F2 /* Build configuration list for PBXNativeTarget "MoviesInnTests" */ = {
			isa = XCConfigurationList;
			buildConfigurations = (
				841E7F3B2AA991DA00AA01F2 /* Debug */,
				841E7F3C2AA991DA00AA01F2 /* Release */,
			);
			defaultConfigurationIsVisible = 0;
			defaultConfigurationName = Release;
		};
		841E7F3D2AA991DA00AA01F2 /* Build configuration list for PBXNativeTarget "MoviesInnUITests" */ = {
			isa = XCConfigurationList;
			buildConfigurations = (
				841E7F3E2AA991DA00AA01F2 /* Debug */,
				841E7F3F2AA991DA00AA01F2 /* Release */,
			);
			defaultConfigurationIsVisible = 0;
			defaultConfigurationName = Release;
		};
/* End XCConfigurationList section */

/* Begin XCVersionGroup section */
		841E7F162AA991D800AA01F2 /* MoviesInn.xcdatamodeld */ = {
			isa = XCVersionGroup;
			children = (
				841E7F172AA991D800AA01F2 /* MoviesInn.xcdatamodel */,
			);
			currentVersion = 841E7F172AA991D800AA01F2 /* MoviesInn.xcdatamodel */;
			path = MoviesInn.xcdatamodeld;
			sourceTree = "<group>";
			versionGroupType = wrapper.xcdatamodel;
		};
/* End XCVersionGroup section */
	};
	rootObject = 841E7F022AA991D800AA01F2 /* Project object */;
}
